{
  "name": "realworld.io-comparison",
  "version": "1.0.0",
  "lockfileVersion": 1,
  "requires": true,
  "dependencies": {
    "cloc": {
      "version": "2.3.3",
      "resolved": "https://registry.npmjs.org/cloc/-/cloc-2.3.3.tgz",
      "integrity": "sha1-rL1ndlnZun9n9iaar+q3JxVNf9g="
    }
  }
}
